
Microsoft Visual Studio Solution File, Format Version 12.00
# Visual Studio Version 17
VisualStudioVersion = 17.7.34031.279
MinimumVisualStudioVersion = 10.0.40219.1
Project("{FAE04EC0-301F-11D3-BF4B-00C04F79EFBC}") = "img generator", "img generator\img generator.csproj", "{1A3D9B58-FF32-4697-8DBF-E39C0AD6F74F}"
EndProject
Global
	GlobalSection(SolutionConfigurationPlatforms) = preSolution
		Debug|Any CPU = Debug|Any CPU
		Release|Any CPU = Release|Any CPU
	EndGlobalSection
	GlobalSection(ProjectConfigurationPlatforms) = postSolution
		{1A3D9B58-FF32-4697-8DBF-E39C0AD6F74F}.Debug|Any CPU.ActiveCfg = Debug|Any CPU
		{1A3D9B58-FF32-4697-8DBF-E39C0AD6F74F}.Debug|Any CPU.Build.0 = Debug|Any CPU
		{1A3D9B58-FF32-4697-8DBF-E39C0AD6F74F}.Release|Any CPU.ActiveCfg = Release|Any CPU
		{1A3D9B58-FF32-4697-8DBF-E39C0AD6F74F}.Release|Any CPU.Build.0 = Release|Any CPU
	EndGlobalSection
	GlobalSection(SolutionProperties) = preSolution
		HideSolutionNode = FALSE
	EndGlobalSection
	GlobalSection(ExtensibilityGlobals) = postSolution
		SolutionGuid = {EF5BDA42-5751-43F3-BF08-999EEB004034}
	EndGlobalSection
EndGlobal
